// !$*UTF8*$!
{
	archiveVersion = 1;
	classes = {
	};
	objectVersion = 48;
	objects = {

/* Begin PBXBuildFile section */
		56B1082C3A4E752DA1716123 /* Pods_ShopKeeper.framework in Frameworks */ = {isa = PBXBuildFile; fileRef = 83CDE108B29119B50659B52F /* Pods_ShopKeeper.framework */; };
		7213BBD69871493E14488018 /* Pods_ShopKeeperUITests.framework in Frameworks */ = {isa = PBXBuildFile; fileRef = 0877CD786EA020E8240FE52B /* Pods_ShopKeeperUITests.framework */; };
		E209C2F320AD235400D6E9A6 /* SplashViewController.swift in Sources */ = {isa = PBXBuildFile; fileRef = E209C2F220AD235400D6E9A6 /* SplashViewController.swift */; };
		E209C2F620AD237D00D6E9A6 /* Splash.storyboard in Resources */ = {isa = PBXBuildFile; fileRef = E209C2F520AD237D00D6E9A6 /* Splash.storyboard */; };
		E209C2F920AD23B200D6E9A6 /* Utils.swift in Sources */ = {isa = PBXBuildFile; fileRef = E209C2F820AD23B200D6E9A6 /* Utils.swift */; };
		E212F0EA20AB36AB00B41CCE /* AppDelegate.swift in Sources */ = {isa = PBXBuildFile; fileRef = E212F0E920AB36AB00B41CCE /* AppDelegate.swift */; };
		E212F0EC20AB36AB00B41CCE /* ViewController.swift in Sources */ = {isa = PBXBuildFile; fileRef = E212F0EB20AB36AB00B41CCE /* ViewController.swift */; };
		E212F0EF20AB36AB00B41CCE /* Main.storyboard in Resources */ = {isa = PBXBuildFile; fileRef = E212F0ED20AB36AB00B41CCE /* Main.storyboard */; };
		E212F0F220AB36AB00B41CCE /* ShopKeeper.xcdatamodeld in Sources */ = {isa = PBXBuildFile; fileRef = E212F0F020AB36AB00B41CCE /* ShopKeeper.xcdatamodeld */; };
		E212F0F420AB36AB00B41CCE /* Assets.xcassets in Resources */ = {isa = PBXBuildFile; fileRef = E212F0F320AB36AB00B41CCE /* Assets.xcassets */; };
		E212F0F720AB36AB00B41CCE /* LaunchScreen.storyboard in Resources */ = {isa = PBXBuildFile; fileRef = E212F0F520AB36AB00B41CCE /* LaunchScreen.storyboard */; };
		E212F10220AB36AB00B41CCE /* ShopKeeperTests.swift in Sources */ = {isa = PBXBuildFile; fileRef = E212F10120AB36AB00B41CCE /* ShopKeeperTests.swift */; };
		E212F10D20AB36AB00B41CCE /* ShopKeeperUITests.swift in Sources */ = {isa = PBXBuildFile; fileRef = E212F10C20AB36AB00B41CCE /* ShopKeeperUITests.swift */; };
		E214C69620AFFB7C00CF564C /* CategoryCollectionViewCell.swift in Sources */ = {isa = PBXBuildFile; fileRef = E214C69420AFFB7C00CF564C /* CategoryCollectionViewCell.swift */; };
		E214C69720AFFB7C00CF564C /* CategoryCollectionViewCell.xib in Resources */ = {isa = PBXBuildFile; fileRef = E214C69520AFFB7C00CF564C /* CategoryCollectionViewCell.xib */; };
		E214C69A20AFFC0400CF564C /* ProductCollectionViewCell.swift in Sources */ = {isa = PBXBuildFile; fileRef = E214C69820AFFC0400CF564C /* ProductCollectionViewCell.swift */; };
		E214C69B20AFFC0400CF564C /* ProductCollectionViewCell.xib in Resources */ = {isa = PBXBuildFile; fileRef = E214C69920AFFC0400CF564C /* ProductCollectionViewCell.xib */; };
		E214C69D20B0009B00CF564C /* UICollectionView+Additions.swift in Sources */ = {isa = PBXBuildFile; fileRef = E214C69C20B0009B00CF564C /* UICollectionView+Additions.swift */; };
		E214C6A420B015D500CF564C /* CategoryHeader.swift in Sources */ = {isa = PBXBuildFile; fileRef = E214C6A220B015D500CF564C /* CategoryHeader.swift */; };
		E214C6A520B015D500CF564C /* CategoryHeader.xib in Resources */ = {isa = PBXBuildFile; fileRef = E214C6A320B015D500CF564C /* CategoryHeader.xib */; };
		E254BCAA20AF15B10086B4BF /* Product+CoreDataClass.swift in Sources */ = {isa = PBXBuildFile; fileRef = E254BCA020AF15B10086B4BF /* Product+CoreDataClass.swift */; };
		E254BCAB20AF15B10086B4BF /* Product+CoreDataProperties.swift in Sources */ = {isa = PBXBuildFile; fileRef = E254BCA120AF15B10086B4BF /* Product+CoreDataProperties.swift */; };
		E254BCAC20AF15B10086B4BF /* Variants+CoreDataClass.swift in Sources */ = {isa = PBXBuildFile; fileRef = E254BCA220AF15B10086B4BF /* Variants+CoreDataClass.swift */; };
		E254BCAD20AF15B10086B4BF /* Variants+CoreDataProperties.swift in Sources */ = {isa = PBXBuildFile; fileRef = E254BCA320AF15B10086B4BF /* Variants+CoreDataProperties.swift */; };
		E254BCAE20AF15B10086B4BF /* Category+CoreDataClass.swift in Sources */ = {isa = PBXBuildFile; fileRef = E254BCA420AF15B10086B4BF /* Category+CoreDataClass.swift */; };
		E254BCAF20AF15B10086B4BF /* Category+CoreDataProperties.swift in Sources */ = {isa = PBXBuildFile; fileRef = E254BCA520AF15B10086B4BF /* Category+CoreDataProperties.swift */; };
		E254BCB020AF15B10086B4BF /* Tax+CoreDataClass.swift in Sources */ = {isa = PBXBuildFile; fileRef = E254BCA620AF15B10086B4BF /* Tax+CoreDataClass.swift */; };
		E254BCB120AF15B10086B4BF /* Tax+CoreDataProperties.swift in Sources */ = {isa = PBXBuildFile; fileRef = E254BCA720AF15B10086B4BF /* Tax+CoreDataProperties.swift */; };
		E254BCB220AF15B10086B4BF /* Rankings+CoreDataClass.swift in Sources */ = {isa = PBXBuildFile; fileRef = E254BCA820AF15B10086B4BF /* Rankings+CoreDataClass.swift */; };
		E254BCB320AF15B10086B4BF /* Rankings+CoreDataProperties.swift in Sources */ = {isa = PBXBuildFile; fileRef = E254BCA920AF15B10086B4BF /* Rankings+CoreDataProperties.swift */; };
		E254BCB520AF16100086B4BF /* CoreDataManager.swift in Sources */ = {isa = PBXBuildFile; fileRef = E254BCB420AF16100086B4BF /* CoreDataManager.swift */; };
		E254BCB720AF162C0086B4BF /* NSManagedObject+Additions.swift in Sources */ = {isa = PBXBuildFile; fileRef = E254BCB620AF162C0086B4BF /* NSManagedObject+Additions.swift */; };
		E254BCB920AF16740086B4BF /* APIManager.swift in Sources */ = {isa = PBXBuildFile; fileRef = E254BCB820AF16740086B4BF /* APIManager.swift */; };
		E254BCBB20AF16D60086B4BF /* EnvironmentManager.swift in Sources */ = {isa = PBXBuildFile; fileRef = E254BCBA20AF16D60086B4BF /* EnvironmentManager.swift */; };
		E254BCBD20AF17000086B4BF /* NetworkOperation.swift in Sources */ = {isa = PBXBuildFile; fileRef = E254BCBC20AF17000086B4BF /* NetworkOperation.swift */; };
		E254BCC020AF17530086B4BF /* CoreDataOperation.swift in Sources */ = {isa = PBXBuildFile; fileRef = E254BCBF20AF17530086B4BF /* CoreDataOperation.swift */; };
		E254BCC220AF17780086B4BF /* String+Additions.swift in Sources */ = {isa = PBXBuildFile; fileRef = E254BCC120AF17780086B4BF /* String+Additions.swift */; };
		E254BCC420AF179F0086B4BF /* DBManager.swift in Sources */ = {isa = PBXBuildFile; fileRef = E254BCC320AF179F0086B4BF /* DBManager.swift */; };
		E254BCC720AF1A740086B4BF /* DeeplinkNavigator.swift in Sources */ = {isa = PBXBuildFile; fileRef = E254BCC620AF1A740086B4BF /* DeeplinkNavigator.swift */; };
		E254BCC920AF1CAD0086B4BF /* HomeViewController.swift in Sources */ = {isa = PBXBuildFile; fileRef = E254BCC820AF1CAD0086B4BF /* HomeViewController.swift */; };
		E254BCCB20AF1E900086B4BF /* Home.storyboard in Resources */ = {isa = PBXBuildFile; fileRef = E254BCCA20AF1E900086B4BF /* Home.storyboard */; };
		EAB2C8BFA9CB8F5B846511D8 /* Pods_ShopKeeperTests.framework in Frameworks */ = {isa = PBXBuildFile; fileRef = E4DAE744EE9E5D3BAAB67A6E /* Pods_ShopKeeperTests.framework */; };
/* End PBXBuildFile section */

/* Begin PBXContainerItemProxy section */
		E212F0FE20AB36AB00B41CCE /* PBXContainerItemProxy */ = {
			isa = PBXContainerItemProxy;
			containerPortal = E212F0DE20AB36AB00B41CCE /* Project object */;
			proxyType = 1;
			remoteGlobalIDString = E212F0E520AB36AB00B41CCE;
			remoteInfo = ShopKeeper;
		};
		E212F10920AB36AB00B41CCE /* PBXContainerItemProxy */ = {
			isa = PBXContainerItemProxy;
			containerPortal = E212F0DE20AB36AB00B41CCE /* Project object */;
			proxyType = 1;
			remoteGlobalIDString = E212F0E520AB36AB00B41CCE;
			remoteInfo = ShopKeeper;
		};
/* End PBXContainerItemProxy section */

/* Begin PBXFileReference section */
		0877CD786EA020E8240FE52B /* Pods_ShopKeeperUITests.framework */ = {isa = PBXFileReference; explicitFileType = wrapper.framework; includeInIndex = 0; path = Pods_ShopKeeperUITests.framework; sourceTree = BUILT_PRODUCTS_DIR; };
		54CF1983E7BB9973048867A5 /* Pods-ShopKeeperTests.debug.xcconfig */ = {isa = PBXFileReference; includeInIndex = 1; lastKnownFileType = text.xcconfig; name = "Pods-ShopKeeperTests.debug.xcconfig"; path = "Pods/Target Support Files/Pods-ShopKeeperTests/Pods-ShopKeeperTests.debug.xcconfig"; sourceTree = "<group>"; };
		8033064C7F14D976E68D1C31 /* Pods-ShopKeeper.release.xcconfig */ = {isa = PBXFileReference; includeInIndex = 1; lastKnownFileType = text.xcconfig; name = "Pods-ShopKeeper.release.xcconfig"; path = "Pods/Target Support Files/Pods-ShopKeeper/Pods-ShopKeeper.release.xcconfig"; sourceTree = "<group>"; };
		83CDE108B29119B50659B52F /* Pods_ShopKeeper.framework */ = {isa = PBXFileReference; explicitFileType = wrapper.framework; includeInIndex = 0; path = Pods_ShopKeeper.framework; sourceTree = BUILT_PRODUCTS_DIR; };
		86FB8A3304AD81301D1A6E8D /* Pods-ShopKeeper.debug.xcconfig */ = {isa = PBXFileReference; includeInIndex = 1; lastKnownFileType = text.xcconfig; name = "Pods-ShopKeeper.debug.xcconfig"; path = "Pods/Target Support Files/Pods-ShopKeeper/Pods-ShopKeeper.debug.xcconfig"; sourceTree = "<group>"; };
		A81EDBF32C03B9F1DFC889A5 /* Pods-ShopKeeperUITests.release.xcconfig */ = {isa = PBXFileReference; includeInIndex = 1; lastKnownFileType = text.xcconfig; name = "Pods-ShopKeeperUITests.release.xcconfig"; path = "Pods/Target Support Files/Pods-ShopKeeperUITests/Pods-ShopKeeperUITests.release.xcconfig"; sourceTree = "<group>"; };
		A912020F5DDE13CD2189C799 /* Pods-ShopKeeperTests.release.xcconfig */ = {isa = PBXFileReference; includeInIndex = 1; lastKnownFileType = text.xcconfig; name = "Pods-ShopKeeperTests.release.xcconfig"; path = "Pods/Target Support Files/Pods-ShopKeeperTests/Pods-ShopKeeperTests.release.xcconfig"; sourceTree = "<group>"; };
		E209C2F220AD235400D6E9A6 /* SplashViewController.swift */ = {isa = PBXFileReference; lastKnownFileType = sourcecode.swift; path = SplashViewController.swift; sourceTree = "<group>"; };
		E209C2F520AD237D00D6E9A6 /* Splash.storyboard */ = {isa = PBXFileReference; lastKnownFileType = file.storyboard; path = Splash.storyboard; sourceTree = "<group>"; };
		E209C2F820AD23B200D6E9A6 /* Utils.swift */ = {isa = PBXFileReference; lastKnownFileType = sourcecode.swift; path = Utils.swift; sourceTree = "<group>"; };
		E212F0E620AB36AB00B41CCE /* ShopKeeper.app */ = {isa = PBXFileReference; explicitFileType = wrapper.application; includeInIndex = 0; path = ShopKeeper.app; sourceTree = BUILT_PRODUCTS_DIR; };
		E212F0E920AB36AB00B41CCE /* AppDelegate.swift */ = {isa = PBXFileReference; lastKnownFileType = sourcecode.swift; path = AppDelegate.swift; sourceTree = "<group>"; };
		E212F0EB20AB36AB00B41CCE /* ViewController.swift */ = {isa = PBXFileReference; lastKnownFileType = sourcecode.swift; path = ViewController.swift; sourceTree = "<group>"; };
		E212F0EE20AB36AB00B41CCE /* Base */ = {isa = PBXFileReference; lastKnownFileType = file.storyboard; name = Base; path = Base.lproj/Main.storyboard; sourceTree = "<group>"; };
		E212F0F120AB36AB00B41CCE /* ShopKeeper.xcdatamodel */ = {isa = PBXFileReference; lastKnownFileType = wrapper.xcdatamodel; path = ShopKeeper.xcdatamodel; sourceTree = "<group>"; };
		E212F0F320AB36AB00B41CCE /* Assets.xcassets */ = {isa = PBXFileReference; lastKnownFileType = folder.assetcatalog; path = Assets.xcassets; sourceTree = "<group>"; };
		E212F0F620AB36AB00B41CCE /* Base */ = {isa = PBXFileReference; lastKnownFileType = file.storyboard; name = Base; path = Base.lproj/LaunchScreen.storyboard; sourceTree = "<group>"; };
		E212F0F820AB36AB00B41CCE /* Info.plist */ = {isa = PBXFileReference; lastKnownFileType = text.plist.xml; path = Info.plist; sourceTree = "<group>"; };
		E212F0FD20AB36AB00B41CCE /* ShopKeeperTests.xctest */ = {isa = PBXFileReference; explicitFileType = wrapper.cfbundle; includeInIndex = 0; path = ShopKeeperTests.xctest; sourceTree = BUILT_PRODUCTS_DIR; };
		E212F10120AB36AB00B41CCE /* ShopKeeperTests.swift */ = {isa = PBXFileReference; lastKnownFileType = sourcecode.swift; path = ShopKeeperTests.swift; sourceTree = "<group>"; };
		E212F10320AB36AB00B41CCE /* Info.plist */ = {isa = PBXFileReference; lastKnownFileType = text.plist.xml; path = Info.plist; sourceTree = "<group>"; };
		E212F10820AB36AB00B41CCE /* ShopKeeperUITests.xctest */ = {isa = PBXFileReference; explicitFileType = wrapper.cfbundle; includeInIndex = 0; path = ShopKeeperUITests.xctest; sourceTree = BUILT_PRODUCTS_DIR; };
		E212F10C20AB36AB00B41CCE /* ShopKeeperUITests.swift */ = {isa = PBXFileReference; lastKnownFileType = sourcecode.swift; path = ShopKeeperUITests.swift; sourceTree = "<group>"; };
		E212F10E20AB36AB00B41CCE /* Info.plist */ = {isa = PBXFileReference; lastKnownFileType = text.plist.xml; path = Info.plist; sourceTree = "<group>"; };
		E214C69420AFFB7C00CF564C /* CategoryCollectionViewCell.swift */ = {isa = PBXFileReference; lastKnownFileType = sourcecode.swift; path = CategoryCollectionViewCell.swift; sourceTree = "<group>"; };
		E214C69520AFFB7C00CF564C /* CategoryCollectionViewCell.xib */ = {isa = PBXFileReference; lastKnownFileType = file.xib; path = CategoryCollectionViewCell.xib; sourceTree = "<group>"; };
		E214C69820AFFC0400CF564C /* ProductCollectionViewCell.swift */ = {isa = PBXFileReference; lastKnownFileType = sourcecode.swift; path = ProductCollectionViewCell.swift; sourceTree = "<group>"; };
		E214C69920AFFC0400CF564C /* ProductCollectionViewCell.xib */ = {isa = PBXFileReference; lastKnownFileType = file.xib; path = ProductCollectionViewCell.xib; sourceTree = "<group>"; };
		E214C69C20B0009B00CF564C /* UICollectionView+Additions.swift */ = {isa = PBXFileReference; lastKnownFileType = sourcecode.swift; path = "UICollectionView+Additions.swift"; sourceTree = "<group>"; };
		E214C6A220B015D500CF564C /* CategoryHeader.swift */ = {isa = PBXFileReference; lastKnownFileType = sourcecode.swift; path = CategoryHeader.swift; sourceTree = "<group>"; };
		E214C6A320B015D500CF564C /* CategoryHeader.xib */ = {isa = PBXFileReference; lastKnownFileType = file.xib; path = CategoryHeader.xib; sourceTree = "<group>"; };
		E254BCA020AF15B10086B4BF /* Product+CoreDataClass.swift */ = {isa = PBXFileReference; lastKnownFileType = sourcecode.swift; path = "Product+CoreDataClass.swift"; sourceTree = "<group>"; };
		E254BCA120AF15B10086B4BF /* Product+CoreDataProperties.swift */ = {isa = PBXFileReference; lastKnownFileType = sourcecode.swift; path = "Product+CoreDataProperties.swift"; sourceTree = "<group>"; };
		E254BCA220AF15B10086B4BF /* Variants+CoreDataClass.swift */ = {isa = PBXFileReference; lastKnownFileType = sourcecode.swift; path = "Variants+CoreDataClass.swift"; sourceTree = "<group>"; };
		E254BCA320AF15B10086B4BF /* Variants+CoreDataProperties.swift */ = {isa = PBXFileReference; lastKnownFileType = sourcecode.swift; path = "Variants+CoreDataProperties.swift"; sourceTree = "<group>"; };
		E254BCA420AF15B10086B4BF /* Category+CoreDataClass.swift */ = {isa = PBXFileReference; lastKnownFileType = sourcecode.swift; path = "Category+CoreDataClass.swift"; sourceTree = "<group>"; };
		E254BCA520AF15B10086B4BF /* Category+CoreDataProperties.swift */ = {isa = PBXFileReference; lastKnownFileType = sourcecode.swift; path = "Category+CoreDataProperties.swift"; sourceTree = "<group>"; };
		E254BCA620AF15B10086B4BF /* Tax+CoreDataClass.swift */ = {isa = PBXFileReference; lastKnownFileType = sourcecode.swift; path = "Tax+CoreDataClass.swift"; sourceTree = "<group>"; };
		E254BCA720AF15B10086B4BF /* Tax+CoreDataProperties.swift */ = {isa = PBXFileReference; lastKnownFileType = sourcecode.swift; path = "Tax+CoreDataProperties.swift"; sourceTree = "<group>"; };
		E254BCA820AF15B10086B4BF /* Rankings+CoreDataClass.swift */ = {isa = PBXFileReference; lastKnownFileType = sourcecode.swift; path = "Rankings+CoreDataClass.swift"; sourceTree = "<group>"; };
		E254BCA920AF15B10086B4BF /* Rankings+CoreDataProperties.swift */ = {isa = PBXFileReference; lastKnownFileType = sourcecode.swift; path = "Rankings+CoreDataProperties.swift"; sourceTree = "<group>"; };
		E254BCB420AF16100086B4BF /* CoreDataManager.swift */ = {isa = PBXFileReference; fileEncoding = 4; lastKnownFileType = sourcecode.swift; path = CoreDataManager.swift; sourceTree = "<group>"; };
		E254BCB620AF162C0086B4BF /* NSManagedObject+Additions.swift */ = {isa = PBXFileReference; fileEncoding = 4; lastKnownFileType = sourcecode.swift; path = "NSManagedObject+Additions.swift"; sourceTree = "<group>"; };
		E254BCB820AF16740086B4BF /* APIManager.swift */ = {isa = PBXFileReference; lastKnownFileType = sourcecode.swift; path = APIManager.swift; sourceTree = "<group>"; };
		E254BCBA20AF16D60086B4BF /* EnvironmentManager.swift */ = {isa = PBXFileReference; lastKnownFileType = sourcecode.swift; path = EnvironmentManager.swift; sourceTree = "<group>"; };
		E254BCBC20AF17000086B4BF /* NetworkOperation.swift */ = {isa = PBXFileReference; lastKnownFileType = sourcecode.swift; path = NetworkOperation.swift; sourceTree = "<group>"; };
		E254BCBF20AF17530086B4BF /* CoreDataOperation.swift */ = {isa = PBXFileReference; lastKnownFileType = sourcecode.swift; path = CoreDataOperation.swift; sourceTree = "<group>"; };
		E254BCC120AF17780086B4BF /* String+Additions.swift */ = {isa = PBXFileReference; lastKnownFileType = sourcecode.swift; path = "String+Additions.swift"; sourceTree = "<group>"; };
		E254BCC320AF179F0086B4BF /* DBManager.swift */ = {isa = PBXFileReference; lastKnownFileType = sourcecode.swift; path = DBManager.swift; sourceTree = "<group>"; };
		E254BCC620AF1A740086B4BF /* DeeplinkNavigator.swift */ = {isa = PBXFileReference; lastKnownFileType = sourcecode.swift; path = DeeplinkNavigator.swift; sourceTree = "<group>"; };
		E254BCC820AF1CAD0086B4BF /* HomeViewController.swift */ = {isa = PBXFileReference; lastKnownFileType = sourcecode.swift; path = HomeViewController.swift; sourceTree = "<group>"; };
		E254BCCA20AF1E900086B4BF /* Home.storyboard */ = {isa = PBXFileReference; lastKnownFileType = file.storyboard; path = Home.storyboard; sourceTree = "<group>"; };
		E4DAE744EE9E5D3BAAB67A6E /* Pods_ShopKeeperTests.framework */ = {isa = PBXFileReference; explicitFileType = wrapper.framework; includeInIndex = 0; path = Pods_ShopKeeperTests.framework; sourceTree = BUILT_PRODUCTS_DIR; };
		ED24A018F9E18098788177C5 /* Pods-ShopKeeperUITests.debug.xcconfig */ = {isa = PBXFileReference; includeInIndex = 1; lastKnownFileType = text.xcconfig; name = "Pods-ShopKeeperUITests.debug.xcconfig"; path = "Pods/Target Support Files/Pods-ShopKeeperUITests/Pods-ShopKeeperUITests.debug.xcconfig"; sourceTree = "<group>"; };
/* End PBXFileReference section */

/* Begin PBXFrameworksBuildPhase section */
		E212F0E320AB36AB00B41CCE /* Frameworks */ = {
			isa = PBXFrameworksBuildPhase;
			buildActionMask = 2147483647;
			files = (
				56B1082C3A4E752DA1716123 /* Pods_ShopKeeper.framework in Frameworks */,
			);
			runOnlyForDeploymentPostprocessing = 0;
		};
		E212F0FA20AB36AB00B41CCE /* Frameworks */ = {
			isa = PBXFrameworksBuildPhase;
			buildActionMask = 2147483647;
			files = (
				EAB2C8BFA9CB8F5B846511D8 /* Pods_ShopKeeperTests.framework in Frameworks */,
			);
			runOnlyForDeploymentPostprocessing = 0;
		};
		E212F10520AB36AB00B41CCE /* Frameworks */ = {
			isa = PBXFrameworksBuildPhase;
			buildActionMask = 2147483647;
			files = (
				7213BBD69871493E14488018 /* Pods_ShopKeeperUITests.framework in Frameworks */,
			);
			runOnlyForDeploymentPostprocessing = 0;
		};
/* End PBXFrameworksBuildPhase section */

/* Begin PBXGroup section */
		58A64B432D76D1352F1F9757 /* Frameworks */ = {
			isa = PBXGroup;
			children = (
				83CDE108B29119B50659B52F /* Pods_ShopKeeper.framework */,
				E4DAE744EE9E5D3BAAB67A6E /* Pods_ShopKeeperTests.framework */,
				0877CD786EA020E8240FE52B /* Pods_ShopKeeperUITests.framework */,
			);
			name = Frameworks;
			sourceTree = "<group>";
		};
		72559194FAEF317BF3EA7013 /* Pods */ = {
			isa = PBXGroup;
			children = (
				86FB8A3304AD81301D1A6E8D /* Pods-ShopKeeper.debug.xcconfig */,
				8033064C7F14D976E68D1C31 /* Pods-ShopKeeper.release.xcconfig */,
				54CF1983E7BB9973048867A5 /* Pods-ShopKeeperTests.debug.xcconfig */,
				A912020F5DDE13CD2189C799 /* Pods-ShopKeeperTests.release.xcconfig */,
				ED24A018F9E18098788177C5 /* Pods-ShopKeeperUITests.debug.xcconfig */,
				A81EDBF32C03B9F1DFC889A5 /* Pods-ShopKeeperUITests.release.xcconfig */,
			);
			name = Pods;
			sourceTree = "<group>";
		};
		E209C2F420AD235C00D6E9A6 /* Storyboard */ = {
			isa = PBXGroup;
			children = (
				E209C2F520AD237D00D6E9A6 /* Splash.storyboard */,
				E254BCCA20AF1E900086B4BF /* Home.storyboard */,
			);
			path = Storyboard;
			sourceTree = "<group>";
		};
		E209C2F720AD239800D6E9A6 /* Utilities */ = {
			isa = PBXGroup;
			children = (
				E209C2F820AD23B200D6E9A6 /* Utils.swift */,
			);
			path = Utilities;
			sourceTree = "<group>";
		};
		E20B393620AC92890064A418 /* Extensions */ = {
			isa = PBXGroup;
			children = (
				E254BCB620AF162C0086B4BF /* NSManagedObject+Additions.swift */,
				E254BCC120AF17780086B4BF /* String+Additions.swift */,
				E214C69C20B0009B00CF564C /* UICollectionView+Additions.swift */,
			);
			path = Extensions;
			sourceTree = "<group>";
		};
		E20B393920AC93390064A418 /* Database */ = {
			isa = PBXGroup;
			children = (
				E254BCB420AF16100086B4BF /* CoreDataManager.swift */,
				E254BCC320AF179F0086B4BF /* DBManager.swift */,
			);
			path = Database;
			sourceTree = "<group>";
		};
		E212F0DD20AB36AB00B41CCE = {
			isa = PBXGroup;
			children = (
				E212F0E820AB36AB00B41CCE /* ShopKeeper */,
				E212F10020AB36AB00B41CCE /* ShopKeeperTests */,
				E212F10B20AB36AB00B41CCE /* ShopKeeperUITests */,
				E212F0E720AB36AB00B41CCE /* Products */,
				72559194FAEF317BF3EA7013 /* Pods */,
				58A64B432D76D1352F1F9757 /* Frameworks */,
			);
			sourceTree = "<group>";
		};
		E212F0E720AB36AB00B41CCE /* Products */ = {
			isa = PBXGroup;
			children = (
				E212F0E620AB36AB00B41CCE /* ShopKeeper.app */,
				E212F0FD20AB36AB00B41CCE /* ShopKeeperTests.xctest */,
				E212F10820AB36AB00B41CCE /* ShopKeeperUITests.xctest */,
			);
			name = Products;
			sourceTree = "<group>";
		};
		E212F0E820AB36AB00B41CCE /* ShopKeeper */ = {
			isa = PBXGroup;
			children = (
				E254BCC520AF1A5A0086B4BF /* DeepLinking */,
				E254BCBE20AF173A0086B4BF /* CoreDataOperation */,
				E209C2F720AD239800D6E9A6 /* Utilities */,
				E209C2F420AD235C00D6E9A6 /* Storyboard */,
				E20B393920AC93390064A418 /* Database */,
				E20B393620AC92890064A418 /* Extensions */,
				E212F11C20AB3CB900B41CCE /* Models */,
				E212F11B20AB3C9600B41CCE /* Controller */,
				E212F11A20AB3C7E00B41CCE /* Networking */,
				E212F0E920AB36AB00B41CCE /* AppDelegate.swift */,
				E212F0EB20AB36AB00B41CCE /* ViewController.swift */,
				E212F0ED20AB36AB00B41CCE /* Main.storyboard */,
				E212F0F320AB36AB00B41CCE /* Assets.xcassets */,
				E212F0F520AB36AB00B41CCE /* LaunchScreen.storyboard */,
				E212F0F820AB36AB00B41CCE /* Info.plist */,
				E212F0F020AB36AB00B41CCE /* ShopKeeper.xcdatamodeld */,
			);
			path = ShopKeeper;
			sourceTree = "<group>";
		};
		E212F10020AB36AB00B41CCE /* ShopKeeperTests */ = {
			isa = PBXGroup;
			children = (
				E212F10120AB36AB00B41CCE /* ShopKeeperTests.swift */,
				E212F10320AB36AB00B41CCE /* Info.plist */,
			);
			path = ShopKeeperTests;
			sourceTree = "<group>";
		};
		E212F10B20AB36AB00B41CCE /* ShopKeeperUITests */ = {
			isa = PBXGroup;
			children = (
				E212F10C20AB36AB00B41CCE /* ShopKeeperUITests.swift */,
				E212F10E20AB36AB00B41CCE /* Info.plist */,
			);
			path = ShopKeeperUITests;
			sourceTree = "<group>";
		};
		E212F11A20AB3C7E00B41CCE /* Networking */ = {
			isa = PBXGroup;
			children = (
				E254BCB820AF16740086B4BF /* APIManager.swift */,
				E254BCBA20AF16D60086B4BF /* EnvironmentManager.swift */,
				E254BCBC20AF17000086B4BF /* NetworkOperation.swift */,
			);
			path = Networking;
			sourceTree = "<group>";
		};
		E212F11B20AB3C9600B41CCE /* Controller */ = {
			isa = PBXGroup;
			children = (
				E214C69320AFFB4A00CF564C /* Splash */,
				E214C69220AFFB3A00CF564C /* Home */,
			);
			path = Controller;
			sourceTree = "<group>";
		};
		E212F11C20AB3CB900B41CCE /* Models */ = {
			isa = PBXGroup;
			children = (
				E254BCA020AF15B10086B4BF /* Product+CoreDataClass.swift */,
				E254BCA120AF15B10086B4BF /* Product+CoreDataProperties.swift */,
				E254BCA220AF15B10086B4BF /* Variants+CoreDataClass.swift */,
				E254BCA320AF15B10086B4BF /* Variants+CoreDataProperties.swift */,
				E254BCA420AF15B10086B4BF /* Category+CoreDataClass.swift */,
				E254BCA520AF15B10086B4BF /* Category+CoreDataProperties.swift */,
				E254BCA620AF15B10086B4BF /* Tax+CoreDataClass.swift */,
				E254BCA720AF15B10086B4BF /* Tax+CoreDataProperties.swift */,
				E254BCA820AF15B10086B4BF /* Rankings+CoreDataClass.swift */,
				E254BCA920AF15B10086B4BF /* Rankings+CoreDataProperties.swift */,
			);
			path = Models;
			sourceTree = "<group>";
		};
		E214C69220AFFB3A00CF564C /* Home */ = {
			isa = PBXGroup;
			children = (
				E254BCC820AF1CAD0086B4BF /* HomeViewController.swift */,
				E214C69420AFFB7C00CF564C /* CategoryCollectionViewCell.swift */,
				E214C69520AFFB7C00CF564C /* CategoryCollectionViewCell.xib */,
				E214C69820AFFC0400CF564C /* ProductCollectionViewCell.swift */,
				E214C69920AFFC0400CF564C /* ProductCollectionViewCell.xib */,
				E214C6A220B015D500CF564C /* CategoryHeader.swift */,
				E214C6A320B015D500CF564C /* CategoryHeader.xib */,
			);
			path = Home;
			sourceTree = "<group>";
		};
		E214C69320AFFB4A00CF564C /* Splash */ = {
			isa = PBXGroup;
			children = (
				E209C2F220AD235400D6E9A6 /* SplashViewController.swift */,
			);
			path = Splash;
			sourceTree = "<group>";
		};
		E254BCBE20AF173A0086B4BF /* CoreDataOperation */ = {
			isa = PBXGroup;
			children = (
				E254BCBF20AF17530086B4BF /* CoreDataOperation.swift */,
			);
			path = CoreDataOperation;
			sourceTree = "<group>";
		};
		E254BCC520AF1A5A0086B4BF /* DeepLinking */ = {
			isa = PBXGroup;
			children = (
				E254BCC620AF1A740086B4BF /* DeeplinkNavigator.swift */,
			);
			path = DeepLinking;
			sourceTree = "<group>";
		};
/* End PBXGroup section */

/* Begin PBXNativeTarget section */
		E212F0E520AB36AB00B41CCE /* ShopKeeper */ = {
			isa = PBXNativeTarget;
			buildConfigurationList = E212F11120AB36AB00B41CCE /* Build configuration list for PBXNativeTarget "ShopKeeper" */;
			buildPhases = (
				65DE1B5F85C1D14CE4D6DE27 /* [CP] Check Pods Manifest.lock */,
				E212F0E220AB36AB00B41CCE /* Sources */,
				E212F0E320AB36AB00B41CCE /* Frameworks */,
				E212F0E420AB36AB00B41CCE /* Resources */,
			);
			buildRules = (
			);
			dependencies = (
			);
			name = ShopKeeper;
			productName = ShopKeeper;
			productReference = E212F0E620AB36AB00B41CCE /* ShopKeeper.app */;
			productType = "com.apple.product-type.application";
		};
		E212F0FC20AB36AB00B41CCE /* ShopKeeperTests */ = {
			isa = PBXNativeTarget;
			buildConfigurationList = E212F11420AB36AB00B41CCE /* Build configuration list for PBXNativeTarget "ShopKeeperTests" */;
			buildPhases = (
				D137D96291C34746C2C066DD /* [CP] Check Pods Manifest.lock */,
				E212F0F920AB36AB00B41CCE /* Sources */,
				E212F0FA20AB36AB00B41CCE /* Frameworks */,
				E212F0FB20AB36AB00B41CCE /* Resources */,
			);
			buildRules = (
			);
			dependencies = (
				E212F0FF20AB36AB00B41CCE /* PBXTargetDependency */,
			);
			name = ShopKeeperTests;
			productName = ShopKeeperTests;
			productReference = E212F0FD20AB36AB00B41CCE /* ShopKeeperTests.xctest */;
			productType = "com.apple.product-type.bundle.unit-test";
		};
		E212F10720AB36AB00B41CCE /* ShopKeeperUITests */ = {
			isa = PBXNativeTarget;
			buildConfigurationList = E212F11720AB36AB00B41CCE /* Build configuration list for PBXNativeTarget "ShopKeeperUITests" */;
			buildPhases = (
				27AB9DB65138C2CB98E32FBC /* [CP] Check Pods Manifest.lock */,
				E212F10420AB36AB00B41CCE /* Sources */,
				E212F10520AB36AB00B41CCE /* Frameworks */,
				E212F10620AB36AB00B41CCE /* Resources */,
			);
			buildRules = (
			);
			dependencies = (
				E212F10A20AB36AB00B41CCE /* PBXTargetDependency */,
			);
			name = ShopKeeperUITests;
			productName = ShopKeeperUITests;
			productReference = E212F10820AB36AB00B41CCE /* ShopKeeperUITests.xctest */;
			productType = "com.apple.product-type.bundle.ui-testing";
		};
/* End PBXNativeTarget section */

/* Begin PBXProject section */
		E212F0DE20AB36AB00B41CCE /* Project object */ = {
			isa = PBXProject;
			attributes = {
				LastSwiftUpdateCheck = 0920;
				LastUpgradeCheck = 0920;
				ORGANIZATIONNAME = "Vivek Gupta";
				TargetAttributes = {
					E212F0E520AB36AB00B41CCE = {
						CreatedOnToolsVersion = 9.2;
						ProvisioningStyle = Automatic;
					};
					E212F0FC20AB36AB00B41CCE = {
						CreatedOnToolsVersion = 9.2;
						ProvisioningStyle = Automatic;
						TestTargetID = E212F0E520AB36AB00B41CCE;
					};
					E212F10720AB36AB00B41CCE = {
						CreatedOnToolsVersion = 9.2;
						ProvisioningStyle = Automatic;
						TestTargetID = E212F0E520AB36AB00B41CCE;
					};
				};
			};
			buildConfigurationList = E212F0E120AB36AB00B41CCE /* Build configuration list for PBXProject "ShopKeeper" */;
			compatibilityVersion = "Xcode 8.0";
			developmentRegion = en;
			hasScannedForEncodings = 0;
			knownRegions = (
				en,
				Base,
			);
			mainGroup = E212F0DD20AB36AB00B41CCE;
			productRefGroup = E212F0E720AB36AB00B41CCE /* Products */;
			projectDirPath = "";
			projectRoot = "";
			targets = (
				E212F0E520AB36AB00B41CCE /* ShopKeeper */,
				E212F0FC20AB36AB00B41CCE /* ShopKeeperTests */,
				E212F10720AB36AB00B41CCE /* ShopKeeperUITests */,
			);
		};
/* End PBXProject section */

/* Begin PBXResourcesBuildPhase section */
		E212F0E420AB36AB00B41CCE /* Resources */ = {
			isa = PBXResourcesBuildPhase;
			buildActionMask = 2147483647;
			files = (
				E214C69720AFFB7C00CF564C /* CategoryCollectionViewCell.xib in Resources */,
				E212F0F720AB36AB00B41CCE /* LaunchScreen.storyboard in Resources */,
				E214C6A520B015D500CF564C /* CategoryHeader.xib in Resources */,
				E254BCCB20AF1E900086B4BF /* Home.storyboard in Resources */,
				E214C69B20AFFC0400CF564C /* ProductCollectionViewCell.xib in Resources */,
				E212F0F420AB36AB00B41CCE /* Assets.xcassets in Resources */,
				E212F0EF20AB36AB00B41CCE /* Main.storyboard in Resources */,
				E209C2F620AD237D00D6E9A6 /* Splash.storyboard in Resources */,
			);
			runOnlyForDeploymentPostprocessing = 0;
		};
		E212F0FB20AB36AB00B41CCE /* Resources */ = {
			isa = PBXResourcesBuildPhase;
			buildActionMask = 2147483647;
			files = (
			);
			runOnlyForDeploymentPostprocessing = 0;
		};
		E212F10620AB36AB00B41CCE /* Resources */ = {
			isa = PBXResourcesBuildPhase;
			buildActionMask = 2147483647;
			files = (
			);
			runOnlyForDeploymentPostprocessing = 0;
		};
/* End PBXResourcesBuildPhase section */

/* Begin PBXShellScriptBuildPhase section */
		27AB9DB65138C2CB98E32FBC /* [CP] Check Pods Manifest.lock */ = {
			isa = PBXShellScriptBuildPhase;
			buildActionMask = 2147483647;
			files = (
			);
			inputPaths = (
				"${PODS_PODFILE_DIR_PATH}/Podfile.lock",
				"${PODS_ROOT}/Manifest.lock",
			);
			name = "[CP] Check Pods Manifest.lock";
			outputPaths = (
				"$(DERIVED_FILE_DIR)/Pods-ShopKeeperUITests-checkManifestLockResult.txt",
			);
			runOnlyForDeploymentPostprocessing = 0;
			shellPath = /bin/sh;
			shellScript = "diff \"${PODS_PODFILE_DIR_PATH}/Podfile.lock\" \"${PODS_ROOT}/Manifest.lock\" > /dev/null\nif [ $? != 0 ] ; then\n    # print error to STDERR\n    echo \"error: The sandbox is not in sync with the Podfile.lock. Run 'pod install' or update your CocoaPods installation.\" >&2\n    exit 1\nfi\n# This output is used by Xcode 'outputs' to avoid re-running this script phase.\necho \"SUCCESS\" > \"${SCRIPT_OUTPUT_FILE_0}\"\n";
			showEnvVarsInLog = 0;
		};
		65DE1B5F85C1D14CE4D6DE27 /* [CP] Check Pods Manifest.lock */ = {
			isa = PBXShellScriptBuildPhase;
			buildActionMask = 2147483647;
			files = (
			);
			inputPaths = (
				"${PODS_PODFILE_DIR_PATH}/Podfile.lock",
				"${PODS_ROOT}/Manifest.lock",
			);
			name = "[CP] Check Pods Manifest.lock";
			outputPaths = (
				"$(DERIVED_FILE_DIR)/Pods-ShopKeeper-checkManifestLockResult.txt",
			);
			runOnlyForDeploymentPostprocessing = 0;
			shellPath = /bin/sh;
			shellScript = "diff \"${PODS_PODFILE_DIR_PATH}/Podfile.lock\" \"${PODS_ROOT}/Manifest.lock\" > /dev/null\nif [ $? != 0 ] ; then\n    # print error to STDERR\n    echo \"error: The sandbox is not in sync with the Podfile.lock. Run 'pod install' or update your CocoaPods installation.\" >&2\n    exit 1\nfi\n# This output is used by Xcode 'outputs' to avoid re-running this script phase.\necho \"SUCCESS\" > \"${SCRIPT_OUTPUT_FILE_0}\"\n";
			showEnvVarsInLog = 0;
		};
		D137D96291C34746C2C066DD /* [CP] Check Pods Manifest.lock */ = {
			isa = PBXShellScriptBuildPhase;
			buildActionMask = 2147483647;
			files = (
			);
			inputPaths = (
				"${PODS_PODFILE_DIR_PATH}/Podfile.lock",
				"${PODS_ROOT}/Manifest.lock",
			);
			name = "[CP] Check Pods Manifest.lock";
			outputPaths = (
				"$(DERIVED_FILE_DIR)/Pods-ShopKeeperTests-checkManifestLockResult.txt",
			);
			runOnlyForDeploymentPostprocessing = 0;
			shellPath = /bin/sh;
			shellScript = "diff \"${PODS_PODFILE_DIR_PATH}/Podfile.lock\" \"${PODS_ROOT}/Manifest.lock\" > /dev/null\nif [ $? != 0 ] ; then\n    # print error to STDERR\n    echo \"error: The sandbox is not in sync with the Podfile.lock. Run 'pod install' or update your CocoaPods installation.\" >&2\n    exit 1\nfi\n# This output is used by Xcode 'outputs' to avoid re-running this script phase.\necho \"SUCCESS\" > \"${SCRIPT_OUTPUT_FILE_0}\"\n";
			showEnvVarsInLog = 0;
		};
/* End PBXShellScriptBuildPhase section */

/* Begin PBXSourcesBuildPhase section */
		E212F0E220AB36AB00B41CCE /* Sources */ = {
			isa = PBXSourcesBuildPhase;
			buildActionMask = 2147483647;
			files = (
				E254BCC920AF1CAD0086B4BF /* HomeViewController.swift in Sources */,
				E254BCAB20AF15B10086B4BF /* Product+CoreDataProperties.swift in Sources */,
				E212F0EC20AB36AB00B41CCE /* ViewController.swift in Sources */,
				E254BCAC20AF15B10086B4BF /* Variants+CoreDataClass.swift in Sources */,
				E254BCAE20AF15B10086B4BF /* Category+CoreDataClass.swift in Sources */,
				E209C2F920AD23B200D6E9A6 /* Utils.swift in Sources */,
				E214C69620AFFB7C00CF564C /* CategoryCollectionViewCell.swift in Sources */,
				E212F0EA20AB36AB00B41CCE /* AppDelegate.swift in Sources */,
				E254BCB520AF16100086B4BF /* CoreDataManager.swift in Sources */,
				E254BCBB20AF16D60086B4BF /* EnvironmentManager.swift in Sources */,
				E214C6A420B015D500CF564C /* CategoryHeader.swift in Sources */,
				E254BCB720AF162C0086B4BF /* NSManagedObject+Additions.swift in Sources */,
				E254BCC720AF1A740086B4BF /* DeeplinkNavigator.swift in Sources */,
				E214C69D20B0009B00CF564C /* UICollectionView+Additions.swift in Sources */,
				E254BCB020AF15B10086B4BF /* Tax+CoreDataClass.swift in Sources */,
				E254BCC220AF17780086B4BF /* String+Additions.swift in Sources */,
				E254BCAD20AF15B10086B4BF /* Variants+CoreDataProperties.swift in Sources */,
				E254BCAF20AF15B10086B4BF /* Category+CoreDataProperties.swift in Sources */,
				E214C69A20AFFC0400CF564C /* ProductCollectionViewCell.swift in Sources */,
				E254BCBD20AF17000086B4BF /* NetworkOperation.swift in Sources */,
				E254BCAA20AF15B10086B4BF /* Product+CoreDataClass.swift in Sources */,
				E254BCB920AF16740086B4BF /* APIManager.swift in Sources */,
				E212F0F220AB36AB00B41CCE /* ShopKeeper.xcdatamodeld in Sources */,
				E254BCC020AF17530086B4BF /* CoreDataOperation.swift in Sources */,
				E254BCC420AF179F0086B4BF /* DBManager.swift in Sources */,
				E254BCB320AF15B10086B4BF /* Rankings+CoreDataProperties.swift in Sources */,
				E254BCB220AF15B10086B4BF /* Rankings+CoreDataClass.swift in Sources */,
				E209C2F320AD235400D6E9A6 /* SplashViewController.swift in Sources */,
				E254BCB120AF15B10086B4BF /* Tax+CoreDataProperties.swift in Sources */,
			);
			runOnlyForDeploymentPostprocessing = 0;
		};
		E212F0F920AB36AB00B41CCE /* Sources */ = {
			isa = PBXSourcesBuildPhase;
			buildActionMask = 2147483647;
			files = (
				E212F10220AB36AB00B41CCE /* ShopKeeperTests.swift in Sources */,
			);
			runOnlyForDeploymentPostprocessing = 0;
		};
		E212F10420AB36AB00B41CCE /* Sources */ = {
			isa = PBXSourcesBuildPhase;
			buildActionMask = 2147483647;
			files = (
				E212F10D20AB36AB00B41CCE /* ShopKeeperUITests.swift in Sources */,
			);
			runOnlyForDeploymentPostprocessing = 0;
		};
/* End PBXSourcesBuildPhase section */

/* Begin PBXTargetDependency section */
		E212F0FF20AB36AB00B41CCE /* PBXTargetDependency */ = {
			isa = PBXTargetDependency;
			target = E212F0E520AB36AB00B41CCE /* ShopKeeper */;
			targetProxy = E212F0FE20AB36AB00B41CCE /* PBXContainerItemProxy */;
		};
		E212F10A20AB36AB00B41CCE /* PBXTargetDependency */ = {
			isa = PBXTargetDependency;
			target = E212F0E520AB36AB00B41CCE /* ShopKeeper */;
			targetProxy = E212F10920AB36AB00B41CCE /* PBXContainerItemProxy */;
		};
/* End PBXTargetDependency section */

/* Begin PBXVariantGroup section */
		E212F0ED20AB36AB00B41CCE /* Main.storyboard */ = {
			isa = PBXVariantGroup;
			children = (
				E212F0EE20AB36AB00B41CCE /* Base */,
			);
			name = Main.storyboard;
			sourceTree = "<group>";
		};
		E212F0F520AB36AB00B41CCE /* LaunchScreen.storyboard */ = {
			isa = PBXVariantGroup;
			children = (
				E212F0F620AB36AB00B41CCE /* Base */,
			);
			name = LaunchScreen.storyboard;
			sourceTree = "<group>";
		};
/* End PBXVariantGroup section */

/* Begin XCBuildConfiguration section */
		E212F10F20AB36AB00B41CCE /* Debug */ = {
			isa = XCBuildConfiguration;
			buildSettings = {
				ALWAYS_SEARCH_USER_PATHS = NO;
				CLANG_ANALYZER_NONNULL = YES;
				CLANG_ANALYZER_NUMBER_OBJECT_CONVERSION = YES_AGGRESSIVE;
				CLANG_CXX_LANGUAGE_STANDARD = "gnu++14";
				CLANG_CXX_LIBRARY = "libc++";
				CLANG_ENABLE_MODULES = YES;
				CLANG_ENABLE_OBJC_ARC = YES;
				CLANG_WARN_BLOCK_CAPTURE_AUTORELEASING = YES;
				CLANG_WARN_BOOL_CONVERSION = YES;
				CLANG_WARN_COMMA = YES;
				CLANG_WARN_CONSTANT_CONVERSION = YES;
				CLANG_WARN_DIRECT_OBJC_ISA_USAGE = YES_ERROR;
				CLANG_WARN_DOCUMENTATION_COMMENTS = YES;
				CLANG_WARN_EMPTY_BODY = YES;
				CLANG_WARN_ENUM_CONVERSION = YES;
				CLANG_WARN_INFINITE_RECURSION = YES;
				CLANG_WARN_INT_CONVERSION = YES;
				CLANG_WARN_NON_LITERAL_NULL_CONVERSION = YES;
				CLANG_WARN_OBJC_LITERAL_CONVERSION = YES;
				CLANG_WARN_OBJC_ROOT_CLASS = YES_ERROR;
				CLANG_WARN_RANGE_LOOP_ANALYSIS = YES;
				CLANG_WARN_STRICT_PROTOTYPES = YES;
				CLANG_WARN_SUSPICIOUS_MOVE = YES;
				CLANG_WARN_UNGUARDED_AVAILABILITY = YES_AGGRESSIVE;
				CLANG_WARN_UNREACHABLE_CODE = YES;
				CLANG_WARN__DUPLICATE_METHOD_MATCH = YES;
				CODE_SIGN_IDENTITY = "iPhone Developer";
				COPY_PHASE_STRIP = NO;
				DEBUG_INFORMATION_FORMAT = dwarf;
				ENABLE_STRICT_OBJC_MSGSEND = YES;
				ENABLE_TESTABILITY = YES;
				GCC_C_LANGUAGE_STANDARD = gnu11;
				GCC_DYNAMIC_NO_PIC = NO;
				GCC_NO_COMMON_BLOCKS = YES;
				GCC_OPTIMIZATION_LEVEL = 0;
				GCC_PREPROCESSOR_DEFINITIONS = (
					"DEBUG=1",
					"$(inherited)",
				);
				GCC_WARN_64_TO_32_BIT_CONVERSION = YES;
				GCC_WARN_ABOUT_RETURN_TYPE = YES_ERROR;
				GCC_WARN_UNDECLARED_SELECTOR = YES;
				GCC_WARN_UNINITIALIZED_AUTOS = YES_AGGRESSIVE;
				GCC_WARN_UNUSED_FUNCTION = YES;
				GCC_WARN_UNUSED_VARIABLE = YES;
				IPHONEOS_DEPLOYMENT_TARGET = 11.2;
				MTL_ENABLE_DEBUG_INFO = YES;
				ONLY_ACTIVE_ARCH = YES;
				SDKROOT = iphoneos;
				SWIFT_ACTIVE_COMPILATION_CONDITIONS = DEBUG;
				SWIFT_OPTIMIZATION_LEVEL = "-Onone";
			};
			name = Debug;
		};
		E212F11020AB36AB00B41CCE /* Release */ = {
			isa = XCBuildConfiguration;
			buildSettings = {
				ALWAYS_SEARCH_USER_PATHS = NO;
				CLANG_ANALYZER_NONNULL = YES;
				CLANG_ANALYZER_NUMBER_OBJECT_CONVERSION = YES_AGGRESSIVE;
				CLANG_CXX_LANGUAGE_STANDARD = "gnu++14";
				CLANG_CXX_LIBRARY = "libc++";
				CLANG_ENABLE_MODULES = YES;
				CLANG_ENABLE_OBJC_ARC = YES;
				CLANG_WARN_BLOCK_CAPTURE_AUTORELEASING = YES;
				CLANG_WARN_BOOL_CONVERSION = YES;
				CLANG_WARN_COMMA = YES;
				CLANG_WARN_CONSTANT_CONVERSION = YES;
				CLANG_WARN_DIRECT_OBJC_ISA_USAGE = YES_ERROR;
				CLANG_WARN_DOCUMENTATION_COMMENTS = YES;
				CLANG_WARN_EMPTY_BODY = YES;
				CLANG_WARN_ENUM_CONVERSION = YES;
				CLANG_WARN_INFINITE_RECURSION = YES;
				CLANG_WARN_INT_CONVERSION = YES;
				CLANG_WARN_NON_LITERAL_NULL_CONVERSION = YES;
				CLANG_WARN_OBJC_LITERAL_CONVERSION = YES;
				CLANG_WARN_OBJC_ROOT_CLASS = YES_ERROR;
				CLANG_WARN_RANGE_LOOP_ANALYSIS = YES;
				CLANG_WARN_STRICT_PROTOTYPES = YES;
				CLANG_WARN_SUSPICIOUS_MOVE = YES;
				CLANG_WARN_UNGUARDED_AVAILABILITY = YES_AGGRESSIVE;
				CLANG_WARN_UNREACHABLE_CODE = YES;
				CLANG_WARN__DUPLICATE_METHOD_MATCH = YES;
				CODE_SIGN_IDENTITY = "iPhone Developer";
				COPY_PHASE_STRIP = NO;
				DEBUG_INFORMATION_FORMAT = "dwarf-with-dsym";
				ENABLE_NS_ASSERTIONS = NO;
				ENABLE_STRICT_OBJC_MSGSEND = YES;
				GCC_C_LANGUAGE_STANDARD = gnu11;
				GCC_NO_COMMON_BLOCKS = YES;
				GCC_WARN_64_TO_32_BIT_CONVERSION = YES;
				GCC_WARN_ABOUT_RETURN_TYPE = YES_ERROR;
				GCC_WARN_UNDECLARED_SELECTOR = YES;
				GCC_WARN_UNINITIALIZED_AUTOS = YES_AGGRESSIVE;
				GCC_WARN_UNUSED_FUNCTION = YES;
				GCC_WARN_UNUSED_VARIABLE = YES;
				IPHONEOS_DEPLOYMENT_TARGET = 11.2;
				MTL_ENABLE_DEBUG_INFO = NO;
				SDKROOT = iphoneos;
				SWIFT_OPTIMIZATION_LEVEL = "-Owholemodule";
				VALIDATE_PRODUCT = YES;
			};
			name = Release;
		};
		E212F11220AB36AB00B41CCE /* Debug */ = {
			isa = XCBuildConfiguration;
			baseConfigurationReference = 86FB8A3304AD81301D1A6E8D /* Pods-ShopKeeper.debug.xcconfig */;
			buildSettings = {
				ASSETCATALOG_COMPILER_APPICON_NAME = AppIcon;
				CODE_SIGN_STYLE = Automatic;
				INFOPLIST_FILE = ShopKeeper/Info.plist;
				LD_RUNPATH_SEARCH_PATHS = "$(inherited) @executable_path/Frameworks";
				PRODUCT_BUNDLE_IDENTIFIER = com.vivek.ShopKeeper;
				PRODUCT_NAME = "$(TARGET_NAME)";
				SWIFT_VERSION = 4.0;
				TARGETED_DEVICE_FAMILY = "1,2";
			};
			name = Debug;
		};
		E212F11320AB36AB00B41CCE /* Release */ = {
			isa = XCBuildConfiguration;
			baseConfigurationReference = 8033064C7F14D976E68D1C31 /* Pods-ShopKeeper.release.xcconfig */;
			buildSettings = {
				ASSETCATALOG_COMPILER_APPICON_NAME = AppIcon;
				CODE_SIGN_STYLE = Automatic;
				INFOPLIST_FILE = ShopKeeper/Info.plist;
				LD_RUNPATH_SEARCH_PATHS = "$(inherited) @executable_path/Frameworks";
				PRODUCT_BUNDLE_IDENTIFIER = com.vivek.ShopKeeper;
				PRODUCT_NAME = "$(TARGET_NAME)";
				SWIFT_VERSION = 4.0;
				TARGETED_DEVICE_FAMILY = "1,2";
			};
			name = Release;
		};
		E212F11520AB36AB00B41CCE /* Debug */ = {
			isa = XCBuildConfiguration;
			baseConfigurationReference = 54CF1983E7BB9973048867A5 /* Pods-ShopKeeperTests.debug.xcconfig */;
			buildSettings = {
				ALWAYS_EMBED_SWIFT_STANDARD_LIBRARIES = YES;
				BUNDLE_LOADER = "$(TEST_HOST)";
				CODE_SIGN_STYLE = Automatic;
				INFOPLIST_FILE = ShopKeeperTests/Info.plist;
				LD_RUNPATH_SEARCH_PATHS = "$(inherited) @executable_path/Frameworks @loader_path/Frameworks";
				PRODUCT_BUNDLE_IDENTIFIER = com.vivek.ShopKeeperTests;
				PRODUCT_NAME = "$(TARGET_NAME)";
				SWIFT_VERSION = 4.0;
				TARGETED_DEVICE_FAMILY = "1,2";
				TEST_HOST = "$(BUILT_PRODUCTS_DIR)/ShopKeeper.app/ShopKeeper";
			};
			name = Debug;
		};
		E212F11620AB36AB00B41CCE /* Release */ = {
			isa = XCBuildConfiguration;
			baseConfigurationReference = A912020F5DDE13CD2189C799 /* Pods-ShopKeeperTests.release.xcconfig */;
			buildSettings = {
				ALWAYS_EMBED_SWIFT_STANDARD_LIBRARIES = YES;
				BUNDLE_LOADER = "$(TEST_HOST)";
				CODE_SIGN_STYLE = Automatic;
				INFOPLIST_FILE = ShopKeeperTests/Info.plist;
				LD_RUNPATH_SEARCH_PATHS = "$(inherited) @executable_path/Frameworks @loader_path/Frameworks";
				PRODUCT_BUNDLE_IDENTIFIER = com.vivek.ShopKeeperTests;
				PRODUCT_NAME = "$(TARGET_NAME)";
				SWIFT_VERSION = 4.0;
				TARGETED_DEVICE_FAMILY = "1,2";
				TEST_HOST = "$(BUILT_PRODUCTS_DIR)/ShopKeeper.app/ShopKeeper";
			};
			name = Release;
		};
		E212F11820AB36AB00B41CCE /* Debug */ = {
			isa = XCBuildConfiguration;
			baseConfigurationReference = ED24A018F9E18098788177C5 /* Pods-ShopKeeperUITests.debug.xcconfig */;
			buildSettings = {
				ALWAYS_EMBED_SWIFT_STANDARD_LIBRARIES = YES;
				CODE_SIGN_STYLE = Automatic;
				INFOPLIST_FILE = ShopKeeperUITests/Info.plist;
				LD_RUNPATH_SEARCH_PATHS = "$(inherited) @executable_path/Frameworks @loader_path/Frameworks";
				PRODUCT_BUNDLE_IDENTIFIER = com.vivek.ShopKeeperUITests;
				PRODUCT_NAME = "$(TARGET_NAME)";
				SWIFT_VERSION = 4.0;
				TARGETED_DEVICE_FAMILY = "1,2";
				TEST_TARGET_NAME = ShopKeeper;
			};
			name = Debug;
		};
		E212F11920AB36AB00B41CCE /* Release */ = {
			isa = XCBuildConfiguration;
			baseConfigurationReference = A81EDBF32C03B9F1DFC889A5 /* Pods-ShopKeeperUITests.release.xcconfig */;
			buildSettings = {
				ALWAYS_EMBED_SWIFT_STANDARD_LIBRARIES = YES;
				CODE_SIGN_STYLE = Automatic;
				INFOPLIST_FILE = ShopKeeperUITests/Info.plist;
				LD_RUNPATH_SEARCH_PATHS = "$(inherited) @executable_path/Frameworks @loader_path/Frameworks";
				PRODUCT_BUNDLE_IDENTIFIER = com.vivek.ShopKeeperUITests;
				PRODUCT_NAME = "$(TARGET_NAME)";
				SWIFT_VERSION = 4.0;
				TARGETED_DEVICE_FAMILY = "1,2";
				TEST_TARGET_NAME = ShopKeeper;
			};
			name = Release;
		};
/* End XCBuildConfiguration section */

/* Begin XCConfigurationList section */
		E212F0E120AB36AB00B41CCE /* Build configuration list for PBXProject "ShopKeeper" */ = {
			isa = XCConfigurationList;
			buildConfigurations = (
				E212F10F20AB36AB00B41CCE /* Debug */,
				E212F11020AB36AB00B41CCE /* Release */,
			);
			defaultConfigurationIsVisible = 0;
			defaultConfigurationName = Release;
		};
		E212F11120AB36AB00B41CCE /* Build configuration list for PBXNativeTarget "ShopKeeper" */ = {
			isa = XCConfigurationList;
			buildConfigurations = (
				E212F11220AB36AB00B41CCE /* Debug */,
				E212F11320AB36AB00B41CCE /* Release */,
			);
			defaultConfigurationIsVisible = 0;
			defaultConfigurationName = Release;
		};
		E212F11420AB36AB00B41CCE /* Build configuration list for PBXNativeTarget "ShopKeeperTests" */ = {
			isa = XCConfigurationList;
			buildConfigurations = (
				E212F11520AB36AB00B41CCE /* Debug */,
				E212F11620AB36AB00B41CCE /* Release */,
			);
			defaultConfigurationIsVisible = 0;
			defaultConfigurationName = Release;
		};
		E212F11720AB36AB00B41CCE /* Build configuration list for PBXNativeTarget "ShopKeeperUITests" */ = {
			isa = XCConfigurationList;
			buildConfigurations = (
				E212F11820AB36AB00B41CCE /* Debug */,
				E212F11920AB36AB00B41CCE /* Release */,
			);
			defaultConfigurationIsVisible = 0;
			defaultConfigurationName = Release;
		};
/* End XCConfigurationList section */

/* Begin XCVersionGroup section */
		E212F0F020AB36AB00B41CCE /* ShopKeeper.xcdatamodeld */ = {
			isa = XCVersionGroup;
			children = (
				E212F0F120AB36AB00B41CCE /* ShopKeeper.xcdatamodel */,
			);
			currentVersion = E212F0F120AB36AB00B41CCE /* ShopKeeper.xcdatamodel */;
			path = ShopKeeper.xcdatamodeld;
			sourceTree = "<group>";
			versionGroupType = wrapper.xcdatamodel;
		};
/* End XCVersionGroup section */
	};
	rootObject = E212F0DE20AB36AB00B41CCE /* Project object */;
}
